
Microsoft Visual Studio Solution File, Format Version 12.00
# Visual Studio 15
VisualStudioVersion = 15.0.27004.2009
MinimumVisualStudioVersion = 10.0.40219.1
Project("{9A19103F-16F7-4668-BE54-9A1E7A4F7556}") = "VuejsSSRSample", "VuejsSSRSample\VuejsSSRSample.csproj", "{B62F8AA3-8431-4647-9AC4-E65702D68ECB}"
EndProject
Global
	GlobalSection(SolutionConfigurationPlatforms) = preSolution
		Debug|Any CPU = Debug|Any CPU
		Debug|x64 = Debug|x64
		Debug|x86 = Debug|x86
		Release|Any CPU = Release|Any CPU
		Release|x64 = Release|x64
		Release|x86 = Release|x86
	EndGlobalSection
	GlobalSection(ProjectConfigurationPlatforms) = postSolution
		{B62F8AA3-8431-4647-9AC4-E65702D68ECB}.Debug|Any CPU.ActiveCfg = Debug|Any CPU
		{B62F8AA3-8431-4647-9AC4-E65702D68ECB}.Debug|Any CPU.Build.0 = Debug|Any CPU
		{B62F8AA3-8431-4647-9AC4-E65702D68ECB}.Debug|x64.ActiveCfg = Debug|Any CPU
		{B62F8AA3-8431-4647-9AC4-E65702D68ECB}.Debug|x64.Build.0 = Debug|Any CPU
		{B62F8AA3-8431-4647-9AC4-E65702D68ECB}.Debug|x86.ActiveCfg = Debug|Any CPU
		{B62F8AA3-8431-4647-9AC4-E65702D68ECB}.Debug|x86.Build.0 = Debug|Any CPU
		{B62F8AA3-8431-4647-9AC4-E65702D68ECB}.Release|Any CPU.ActiveCfg = Release|Any CPU
		{B62F8AA3-8431-4647-9AC4-E65702D68ECB}.Release|Any CPU.Build.0 = Release|Any CPU
		{B62F8AA3-8431-4647-9AC4-E65702D68ECB}.Release|x64.ActiveCfg = Release|Any CPU
		{B62F8AA3-8431-4647-9AC4-E65702D68ECB}.Release|x64.Build.0 = Release|Any CPU
		{B62F8AA3-8431-4647-9AC4-E65702D68ECB}.Release|x86.ActiveCfg = Release|Any CPU
		{B62F8AA3-8431-4647-9AC4-E65702D68ECB}.Release|x86.Build.0 = Release|Any CPU
	EndGlobalSection
	GlobalSection(SolutionProperties) = preSolution
		HideSolutionNode = FALSE
	EndGlobalSection
	GlobalSection(ExtensibilityGlobals) = postSolution
		SolutionGuid = {6034ADA4-E5EE-4D55-9D5E-EC3288C60F1F}
	EndGlobalSection
EndGlobal
